
Microsoft Visual Studio Solution File, Format Version 12.00
# Visual Studio Version 17
VisualStudioVersion = 17.0.31903.59
MinimumVisualStudioVersion = 10.0.40219.1
Project("{9A19103F-16F7-4668-BE54-9A1E7A4F7556}") = "CLP-Service", "CLP-Service\CLP-Service.csproj", "{9CA1D11C-D6C3-42B2-A46A-F2F69B0C536B}"
EndProject
Project("{9A19103F-16F7-4668-BE54-9A1E7A4F7556}") = "CLP-Service.integrationtests", "CLP-Service.integrationtests\CLP-Service.integrationtests.csproj", "{6C753DFE-D2C4-4C94-9721-0A2BAAC68C65}"
EndProject
Project("{9A19103F-16F7-4668-BE54-9A1E7A4F7556}") = "CLP-Service.unittests", "CLP-Service.unittests\CLP-Service.unittests.csproj", "{5F2D321D-A7BA-480B-BB01-3DB03751C405}"
EndProject
Project("{2150E333-8FDC-42A3-9474-1A3956D46DE8}") = "Shared", "Shared", "{8EF12BA3-419B-4B8C-9C0F-342303180A4E}"
EndProject
Project("{FAE04EC0-301F-11D3-BF4B-00C04F79EFBC}") = "Shared.Testing", "Shared\Shared.Testing\Shared.Testing.csproj", "{DDCE29A0-6145-4D05-9543-FADD5402B569}"
EndProject
Project("{2150E333-8FDC-42A3-9474-1A3956D46DE8}") = "Architecture", "Architecture", "{213A6533-106B-4DBE-BB38-A25A88DBCD00}"
EndProject
Project("{FAE04EC0-301F-11D3-BF4B-00C04F79EFBC}") = "ArchitectureTests", "Architecture\ArchitectureTests\ArchitectureTests.csproj", "{5420F6D5-6AE2-4666-AFB1-E6CF4E42ACF9}"
EndProject
Project("{FAE04EC0-301F-11D3-BF4B-00C04F79EFBC}") = "Shared.ArchUnitTesting", "Shared\Shared.ArchUnitTesting\Shared.ArchUnitTesting.csproj", "{079B4DD3-F2A0-43CF-9F80-AB4FE84057FF}"
EndProject
Project("{FAE04EC0-301F-11D3-BF4B-00C04F79EFBC}") = "Shared.ArchUnitTesting.UnitTests", "Shared\Shared.ArchUnitTesting.UnitTests\Shared.ArchUnitTesting.UnitTests.csproj", "{E40B38AA-65FE-4CE6-A4C8-8FE30BBFE11E}"
EndProject
Global
	GlobalSection(SolutionConfigurationPlatforms) = preSolution
		Debug|Any CPU = Debug|Any CPU
		Release|Any CPU = Release|Any CPU
	EndGlobalSection
	GlobalSection(ProjectConfigurationPlatforms) = postSolution
		{9CA1D11C-D6C3-42B2-A46A-F2F69B0C536B}.Debug|Any CPU.ActiveCfg = Debug|Any CPU
		{9CA1D11C-D6C3-42B2-A46A-F2F69B0C536B}.Debug|Any CPU.Build.0 = Debug|Any CPU
		{9CA1D11C-D6C3-42B2-A46A-F2F69B0C536B}.Release|Any CPU.ActiveCfg = Release|Any CPU
		{9CA1D11C-D6C3-42B2-A46A-F2F69B0C536B}.Release|Any CPU.Build.0 = Release|Any CPU
		{6C753DFE-D2C4-4C94-9721-0A2BAAC68C65}.Debug|Any CPU.ActiveCfg = Debug|Any CPU
		{6C753DFE-D2C4-4C94-9721-0A2BAAC68C65}.Debug|Any CPU.Build.0 = Debug|Any CPU
		{6C753DFE-D2C4-4C94-9721-0A2BAAC68C65}.Release|Any CPU.ActiveCfg = Release|Any CPU
		{6C753DFE-D2C4-4C94-9721-0A2BAAC68C65}.Release|Any CPU.Build.0 = Release|Any CPU
		{5F2D321D-A7BA-480B-BB01-3DB03751C405}.Debug|Any CPU.ActiveCfg = Debug|Any CPU
		{5F2D321D-A7BA-480B-BB01-3DB03751C405}.Debug|Any CPU.Build.0 = Debug|Any CPU
		{5F2D321D-A7BA-480B-BB01-3DB03751C405}.Release|Any CPU.ActiveCfg = Release|Any CPU
		{5F2D321D-A7BA-480B-BB01-3DB03751C405}.Release|Any CPU.Build.0 = Release|Any CPU
		{DDCE29A0-6145-4D05-9543-FADD5402B569}.Debug|Any CPU.ActiveCfg = Debug|Any CPU
		{DDCE29A0-6145-4D05-9543-FADD5402B569}.Debug|Any CPU.Build.0 = Debug|Any CPU
		{DDCE29A0-6145-4D05-9543-FADD5402B569}.Release|Any CPU.ActiveCfg = Release|Any CPU
		{DDCE29A0-6145-4D05-9543-FADD5402B569}.Release|Any CPU.Build.0 = Release|Any CPU
		{5420F6D5-6AE2-4666-AFB1-E6CF4E42ACF9}.Debug|Any CPU.ActiveCfg = Debug|Any CPU
		{5420F6D5-6AE2-4666-AFB1-E6CF4E42ACF9}.Debug|Any CPU.Build.0 = Debug|Any CPU
		{5420F6D5-6AE2-4666-AFB1-E6CF4E42ACF9}.Release|Any CPU.ActiveCfg = Release|Any CPU
		{5420F6D5-6AE2-4666-AFB1-E6CF4E42ACF9}.Release|Any CPU.Build.0 = Release|Any CPU
		{079B4DD3-F2A0-43CF-9F80-AB4FE84057FF}.Debug|Any CPU.ActiveCfg = Debug|Any CPU
		{079B4DD3-F2A0-43CF-9F80-AB4FE84057FF}.Debug|Any CPU.Build.0 = Debug|Any CPU
		{079B4DD3-F2A0-43CF-9F80-AB4FE84057FF}.Release|Any CPU.ActiveCfg = Release|Any CPU
		{079B4DD3-F2A0-43CF-9F80-AB4FE84057FF}.Release|Any CPU.Build.0 = Release|Any CPU
		{E40B38AA-65FE-4CE6-A4C8-8FE30BBFE11E}.Debug|Any CPU.ActiveCfg = Debug|Any CPU
		{E40B38AA-65FE-4CE6-A4C8-8FE30BBFE11E}.Debug|Any CPU.Build.0 = Debug|Any CPU
		{E40B38AA-65FE-4CE6-A4C8-8FE30BBFE11E}.Release|Any CPU.ActiveCfg = Release|Any CPU
		{E40B38AA-65FE-4CE6-A4C8-8FE30BBFE11E}.Release|Any CPU.Build.0 = Release|Any CPU
	EndGlobalSection
	GlobalSection(SolutionProperties) = preSolution
		HideSolutionNode = FALSE
	EndGlobalSection
	GlobalSection(NestedProjects) = preSolution
		{DDCE29A0-6145-4D05-9543-FADD5402B569} = {8EF12BA3-419B-4B8C-9C0F-342303180A4E}
		{5420F6D5-6AE2-4666-AFB1-E6CF4E42ACF9} = {213A6533-106B-4DBE-BB38-A25A88DBCD00}
		{079B4DD3-F2A0-43CF-9F80-AB4FE84057FF} = {8EF12BA3-419B-4B8C-9C0F-342303180A4E}
		{E40B38AA-65FE-4CE6-A4C8-8FE30BBFE11E} = {8EF12BA3-419B-4B8C-9C0F-342303180A4E}
	EndGlobalSection
	GlobalSection(ExtensibilityGlobals) = postSolution
		SolutionGuid = {362CCF6E-B0EE-461E-B37A-D9ABF49C9F1F}
	EndGlobalSection
EndGlobal
